{
    "_readme": [
        "This file locks the dependencies of your project to a known state",
        "Read more about it at https://getcomposer.org/doc/01-basic-usage.md#composer-lock-the-lock-file",
        "This file is @generated automatically"
    ],
    "hash": "3464bd4d8c97edf5d786664a029275a4",
    "content-hash": "f2dc9162802285b2a663ae7516c46d5d",
    "packages": [
        {
            "name": "devvoh/parable",
            "version": "1.2.0",
            "source": {
                "type": "git",
                "url": "https://github.com/devvoh/parable.git",
                "reference": "502fac01a6865e03634f1b83250611fc5d425787"
            },
            "dist": {
                "type": "zip",
                "url": "https://api.github.com/repos/devvoh/parable/zipball/502fac01a6865e03634f1b83250611fc5d425787",
                "reference": "502fac01a6865e03634f1b83250611fc5d425787",
                "shasum": ""
            },
            "require": {
                "php": ">=5.6"
            },
            "require-dev": {
                "phpunit/phpunit": "^5.7"
            },
            "bin": [
                "parable"
            ],
            "type": "framework",
            "autoload": {
                "psr-4": {
                    "Parable\\": "src/"
                },
                "files": [
                    "src/defines.php"
                ]
            },
            "notification-url": "https://packagist.org/downloads/",
            "license": [
                "MIT"
            ],
            "authors": [
                {
                    "name": "Robin de Graaf",
                    "email": "hello@devvoh.com",
                    "homepage": "https://devvoh.com"
                }
            ],
            "description": "Parable is a PHP micro framework",
            "homepage": "https://devvoh.com/parable",
            "keywords": [
                "framework",
                "micro"
            ],
            "time": "2018-06-10 19:17:08"
        }
    ],
    "packages-dev": [],
    "aliases": [],
    "minimum-stability": "stable",
    "stability-flags": [],
    "prefer-stable": false,
    "prefer-lowest": false,
    "platform": [],
    "platform-dev": []
}
